// !$*UTF8*$!
{
	archiveVersion = 1;
	classes = {
	};
	objectVersion = 46;
	objects = {

/* Begin PBXBuildFile section */
		536DFC06B6804505A2A897E8 /* libPods.a in Frameworks */ = {isa = PBXBuildFile; fileRef = AE0191A32C7144518BF76D79 /* libPods.a */; };
		A3E5736B1802E93C000B6BDE /* Foundation.framework in Frameworks */ = {isa = PBXBuildFile; fileRef = A3E5736A1802E93C000B6BDE /* Foundation.framework */; };
		A3E5736D1802E93C000B6BDE /* CoreGraphics.framework in Frameworks */ = {isa = PBXBuildFile; fileRef = A3E5736C1802E93C000B6BDE /* CoreGraphics.framework */; };
		A3E5736F1802E93C000B6BDE /* UIKit.framework in Frameworks */ = {isa = PBXBuildFile; fileRef = A3E5736E1802E93C000B6BDE /* UIKit.framework */; };
		A3E573751802E93C000B6BDE /* InfoPlist.strings in Resources */ = {isa = PBXBuildFile; fileRef = A3E573731802E93C000B6BDE /* InfoPlist.strings */; };
		A3E573771802E93C000B6BDE /* main.m in Sources */ = {isa = PBXBuildFile; fileRef = A3E573761802E93C000B6BDE /* main.m */; };
		A3E5737B1802E93C000B6BDE /* AppDelegate.m in Sources */ = {isa = PBXBuildFile; fileRef = A3E5737A1802E93C000B6BDE /* AppDelegate.m */; };
		A3E5737E1802E93C000B6BDE /* Main.storyboard in Resources */ = {isa = PBXBuildFile; fileRef = A3E5737C1802E93C000B6BDE /* Main.storyboard */; };
		A3E573811802E93C000B6BDE /* ViewController.m in Sources */ = {isa = PBXBuildFile; fileRef = A3E573801802E93C000B6BDE /* ViewController.m */; };
		A3E573831802E93C000B6BDE /* Images.xcassets in Resources */ = {isa = PBXBuildFile; fileRef = A3E573821802E93C000B6BDE /* Images.xcassets */; };
		A3E5738A1802E93C000B6BDE /* XCTest.framework in Frameworks */ = {isa = PBXBuildFile; fileRef = A3E573891802E93C000B6BDE /* XCTest.framework */; };
		A3E5738B1802E93C000B6BDE /* Foundation.framework in Frameworks */ = {isa = PBXBuildFile; fileRef = A3E5736A1802E93C000B6BDE /* Foundation.framework */; };
		A3E5738C1802E93C000B6BDE /* UIKit.framework in Frameworks */ = {isa = PBXBuildFile; fileRef = A3E5736E1802E93C000B6BDE /* UIKit.framework */; };
		A3E573941802E93C000B6BDE /* InfoPlist.strings in Resources */ = {isa = PBXBuildFile; fileRef = A3E573921802E93C000B6BDE /* InfoPlist.strings */; };
		A3E573961802E93C000B6BDE /* vCardGenTests.m in Sources */ = {isa = PBXBuildFile; fileRef = A3E573951802E93C000B6BDE /* vCardGenTests.m */; };
		A3EB25E81802EAE000F3B88C /* BitLyApi.m in Sources */ = {isa = PBXBuildFile; fileRef = A3EB25E71802EAE000F3B88C /* BitLyApi.m */; };
		A3F1FCBA1802FFC4000321A4 /* bitstream.c in Sources */ = {isa = PBXBuildFile; fileRef = A3F1FCA61802FFC4000321A4 /* bitstream.c */; };
		A3F1FCBB1802FFC4000321A4 /* mask.c in Sources */ = {isa = PBXBuildFile; fileRef = A3F1FCA91802FFC4000321A4 /* mask.c */; };
		A3F1FCBC1802FFC4000321A4 /* mmask.c in Sources */ = {isa = PBXBuildFile; fileRef = A3F1FCAB1802FFC4000321A4 /* mmask.c */; };
		A3F1FCBD1802FFC4000321A4 /* mqrspec.c in Sources */ = {isa = PBXBuildFile; fileRef = A3F1FCAD1802FFC4000321A4 /* mqrspec.c */; };
		A3F1FCBE1802FFC4000321A4 /* qrencode.c in Sources */ = {isa = PBXBuildFile; fileRef = A3F1FCAF1802FFC4000321A4 /* qrencode.c */; };
		A3F1FCBF1802FFC4000321A4 /* qrinput.c in Sources */ = {isa = PBXBuildFile; fileRef = A3F1FCB21802FFC4000321A4 /* qrinput.c */; };
		A3F1FCC01802FFC4000321A4 /* qrspec.c in Sources */ = {isa = PBXBuildFile; fileRef = A3F1FCB41802FFC4000321A4 /* qrspec.c */; };
		A3F1FCC11802FFC4000321A4 /* rscode.c in Sources */ = {isa = PBXBuildFile; fileRef = A3F1FCB61802FFC4000321A4 /* rscode.c */; };
		A3F1FCC21802FFC4000321A4 /* split.c in Sources */ = {isa = PBXBuildFile; fileRef = A3F1FCB81802FFC4000321A4 /* split.c */; };
		A3F1FCC5180301C8000321A4 /* UIImage+QRCodeGenerator.m in Sources */ = {isa = PBXBuildFile; fileRef = A3F1FCC4180301C8000321A4 /* UIImage+QRCodeGenerator.m */; };
		A3F1FCC8180304B7000321A4 /* VcardViewController.m in Sources */ = {isa = PBXBuildFile; fileRef = A3F1FCC7180304B7000321A4 /* VcardViewController.m */; };
/* End PBXBuildFile section */

/* Begin PBXContainerItemProxy section */
		A3E5738D1802E93C000B6BDE /* PBXContainerItemProxy */ = {
			isa = PBXContainerItemProxy;
			containerPortal = A3E5735F1802E93C000B6BDE /* Project object */;
			proxyType = 1;
			remoteGlobalIDString = A3E573661802E93C000B6BDE;
			remoteInfo = vCardGen;
		};
/* End PBXContainerItemProxy section */

/* Begin PBXFileReference section */
		1E71A7C941A3422DAC1F9467 /* Pods.xcconfig */ = {isa = PBXFileReference; includeInIndex = 1; lastKnownFileType = text.xcconfig; name = Pods.xcconfig; path = Pods/Pods.xcconfig; sourceTree = "<group>"; };
		A3E573671802E93C000B6BDE /* vCardGen.app */ = {isa = PBXFileReference; explicitFileType = wrapper.application; includeInIndex = 0; path = vCardGen.app; sourceTree = BUILT_PRODUCTS_DIR; };
		A3E5736A1802E93C000B6BDE /* Foundation.framework */ = {isa = PBXFileReference; lastKnownFileType = wrapper.framework; name = Foundation.framework; path = System/Library/Frameworks/Foundation.framework; sourceTree = SDKROOT; };
		A3E5736C1802E93C000B6BDE /* CoreGraphics.framework */ = {isa = PBXFileReference; lastKnownFileType = wrapper.framework; name = CoreGraphics.framework; path = System/Library/Frameworks/CoreGraphics.framework; sourceTree = SDKROOT; };
		A3E5736E1802E93C000B6BDE /* UIKit.framework */ = {isa = PBXFileReference; lastKnownFileType = wrapper.framework; name = UIKit.framework; path = System/Library/Frameworks/UIKit.framework; sourceTree = SDKROOT; };
		A3E573721802E93C000B6BDE /* vCardGen-Info.plist */ = {isa = PBXFileReference; lastKnownFileType = text.plist.xml; path = "vCardGen-Info.plist"; sourceTree = "<group>"; };
		A3E573741802E93C000B6BDE /* en */ = {isa = PBXFileReference; lastKnownFileType = text.plist.strings; name = en; path = en.lproj/InfoPlist.strings; sourceTree = "<group>"; };
		A3E573761802E93C000B6BDE /* main.m */ = {isa = PBXFileReference; lastKnownFileType = sourcecode.c.objc; path = main.m; sourceTree = "<group>"; };
		A3E573781802E93C000B6BDE /* vCardGen-Prefix.pch */ = {isa = PBXFileReference; lastKnownFileType = sourcecode.c.h; path = "vCardGen-Prefix.pch"; sourceTree = "<group>"; };
		A3E573791802E93C000B6BDE /* AppDelegate.h */ = {isa = PBXFileReference; lastKnownFileType = sourcecode.c.h; path = AppDelegate.h; sourceTree = "<group>"; };
		A3E5737A1802E93C000B6BDE /* AppDelegate.m */ = {isa = PBXFileReference; lastKnownFileType = sourcecode.c.objc; path = AppDelegate.m; sourceTree = "<group>"; };
		A3E5737D1802E93C000B6BDE /* Base */ = {isa = PBXFileReference; lastKnownFileType = file.storyboard; name = Base; path = Base.lproj/Main.storyboard; sourceTree = "<group>"; };
		A3E5737F1802E93C000B6BDE /* ViewController.h */ = {isa = PBXFileReference; lastKnownFileType = sourcecode.c.h; path = ViewController.h; sourceTree = "<group>"; };
		A3E573801802E93C000B6BDE /* ViewController.m */ = {isa = PBXFileReference; lastKnownFileType = sourcecode.c.objc; path = ViewController.m; sourceTree = "<group>"; };
		A3E573821802E93C000B6BDE /* Images.xcassets */ = {isa = PBXFileReference; lastKnownFileType = folder.assetcatalog; path = Images.xcassets; sourceTree = "<group>"; };
		A3E573881802E93C000B6BDE /* vCardGenTests.xctest */ = {isa = PBXFileReference; explicitFileType = wrapper.cfbundle; includeInIndex = 0; path = vCardGenTests.xctest; sourceTree = BUILT_PRODUCTS_DIR; };
		A3E573891802E93C000B6BDE /* XCTest.framework */ = {isa = PBXFileReference; lastKnownFileType = wrapper.framework; name = XCTest.framework; path = Library/Frameworks/XCTest.framework; sourceTree = DEVELOPER_DIR; };
		A3E573911802E93C000B6BDE /* vCardGenTests-Info.plist */ = {isa = PBXFileReference; lastKnownFileType = text.plist.xml; path = "vCardGenTests-Info.plist"; sourceTree = "<group>"; };
		A3E573931802E93C000B6BDE /* en */ = {isa = PBXFileReference; lastKnownFileType = text.plist.strings; name = en; path = en.lproj/InfoPlist.strings; sourceTree = "<group>"; };
		A3E573951802E93C000B6BDE /* vCardGenTests.m */ = {isa = PBXFileReference; lastKnownFileType = sourcecode.c.objc; path = vCardGenTests.m; sourceTree = "<group>"; };
		A3EB25E61802EAE000F3B88C /* BitLyApi.h */ = {isa = PBXFileReference; fileEncoding = 4; lastKnownFileType = sourcecode.c.h; path = BitLyApi.h; sourceTree = "<group>"; };
		A3EB25E71802EAE000F3B88C /* BitLyApi.m */ = {isa = PBXFileReference; fileEncoding = 4; lastKnownFileType = sourcecode.c.objc; path = BitLyApi.m; sourceTree = "<group>"; };
		A3F1FCA61802FFC4000321A4 /* bitstream.c */ = {isa = PBXFileReference; fileEncoding = 4; lastKnownFileType = sourcecode.c.c; path = bitstream.c; sourceTree = "<group>"; };
		A3F1FCA71802FFC4000321A4 /* bitstream.h */ = {isa = PBXFileReference; fileEncoding = 4; lastKnownFileType = sourcecode.c.h; path = bitstream.h; sourceTree = "<group>"; };
		A3F1FCA81802FFC4000321A4 /* config.h */ = {isa = PBXFileReference; fileEncoding = 4; lastKnownFileType = sourcecode.c.h; path = config.h; sourceTree = "<group>"; };
		A3F1FCA91802FFC4000321A4 /* mask.c */ = {isa = PBXFileReference; fileEncoding = 4; lastKnownFileType = sourcecode.c.c; path = mask.c; sourceTree = "<group>"; };
		A3F1FCAA1802FFC4000321A4 /* mask.h */ = {isa = PBXFileReference; fileEncoding = 4; lastKnownFileType = sourcecode.c.h; path = mask.h; sourceTree = "<group>"; };
		A3F1FCAB1802FFC4000321A4 /* mmask.c */ = {isa = PBXFileReference; fileEncoding = 4; lastKnownFileType = sourcecode.c.c; path = mmask.c; sourceTree = "<group>"; };
		A3F1FCAC1802FFC4000321A4 /* mmask.h */ = {isa = PBXFileReference; fileEncoding = 4; lastKnownFileType = sourcecode.c.h; path = mmask.h; sourceTree = "<group>"; };
		A3F1FCAD1802FFC4000321A4 /* mqrspec.c */ = {isa = PBXFileReference; fileEncoding = 4; lastKnownFileType = sourcecode.c.c; path = mqrspec.c; sourceTree = "<group>"; };
		A3F1FCAE1802FFC4000321A4 /* mqrspec.h */ = {isa = PBXFileReference; fileEncoding = 4; lastKnownFileType = sourcecode.c.h; path = mqrspec.h; sourceTree = "<group>"; };
		A3F1FCAF1802FFC4000321A4 /* qrencode.c */ = {isa = PBXFileReference; fileEncoding = 4; lastKnownFileType = sourcecode.c.c; path = qrencode.c; sourceTree = "<group>"; };
		A3F1FCB01802FFC4000321A4 /* qrencode.h */ = {isa = PBXFileReference; fileEncoding = 4; lastKnownFileType = sourcecode.c.h; path = qrencode.h; sourceTree = "<group>"; };
		A3F1FCB11802FFC4000321A4 /* qrencode_inner.h */ = {isa = PBXFileReference; fileEncoding = 4; lastKnownFileType = sourcecode.c.h; path = qrencode_inner.h; sourceTree = "<group>"; };
		A3F1FCB21802FFC4000321A4 /* qrinput.c */ = {isa = PBXFileReference; fileEncoding = 4; lastKnownFileType = sourcecode.c.c; path = qrinput.c; sourceTree = "<group>"; };
		A3F1FCB31802FFC4000321A4 /* qrinput.h */ = {isa = PBXFileReference; fileEncoding = 4; lastKnownFileType = sourcecode.c.h; path = qrinput.h; sourceTree = "<group>"; };
		A3F1FCB41802FFC4000321A4 /* qrspec.c */ = {isa = PBXFileReference; fileEncoding = 4; lastKnownFileType = sourcecode.c.c; path = qrspec.c; sourceTree = "<group>"; };
		A3F1FCB51802FFC4000321A4 /* qrspec.h */ = {isa = PBXFileReference; fileEncoding = 4; lastKnownFileType = sourcecode.c.h; path = qrspec.h; sourceTree = "<group>"; };
		A3F1FCB61802FFC4000321A4 /* rscode.c */ = {isa = PBXFileReference; fileEncoding = 4; lastKnownFileType = sourcecode.c.c; path = rscode.c; sourceTree = "<group>"; };
		A3F1FCB71802FFC4000321A4 /* rscode.h */ = {isa = PBXFileReference; fileEncoding = 4; lastKnownFileType = sourcecode.c.h; path = rscode.h; sourceTree = "<group>"; };
		A3F1FCB81802FFC4000321A4 /* split.c */ = {isa = PBXFileReference; fileEncoding = 4; lastKnownFileType = sourcecode.c.c; path = split.c; sourceTree = "<group>"; };
		A3F1FCB91802FFC4000321A4 /* split.h */ = {isa = PBXFileReference; fileEncoding = 4; lastKnownFileType = sourcecode.c.h; path = split.h; sourceTree = "<group>"; };
		A3F1FCC3180301C2000321A4 /* UIImage+QRCodeGenerator.h */ = {isa = PBXFileReference; lastKnownFileType = sourcecode.c.h; name = "UIImage+QRCodeGenerator.h"; path = "../../../../Downloads/Archive/UIImage+QRCodeGenerator.h"; sourceTree = "<group>"; };
		A3F1FCC4180301C8000321A4 /* UIImage+QRCodeGenerator.m */ = {isa = PBXFileReference; fileEncoding = 4; lastKnownFileType = sourcecode.c.objc; name = "UIImage+QRCodeGenerator.m"; path = "../../../../Downloads/Archive/UIImage+QRCodeGenerator.m"; sourceTree = "<group>"; };
		A3F1FCC6180304B7000321A4 /* VcardViewController.h */ = {isa = PBXFileReference; fileEncoding = 4; lastKnownFileType = sourcecode.c.h; path = VcardViewController.h; sourceTree = "<group>"; };
		A3F1FCC7180304B7000321A4 /* VcardViewController.m */ = {isa = PBXFileReference; fileEncoding = 4; lastKnownFileType = sourcecode.c.objc; path = VcardViewController.m; sourceTree = "<group>"; };
		AE0191A32C7144518BF76D79 /* libPods.a */ = {isa = PBXFileReference; explicitFileType = archive.ar; includeInIndex = 0; path = libPods.a; sourceTree = BUILT_PRODUCTS_DIR; };
/* End PBXFileReference section */

/* Begin PBXFrameworksBuildPhase section */
		A3E573641802E93C000B6BDE /* Frameworks */ = {
			isa = PBXFrameworksBuildPhase;
			buildActionMask = 2147483647;
			files = (
				A3E5736D1802E93C000B6BDE /* CoreGraphics.framework in Frameworks */,
				A3E5736F1802E93C000B6BDE /* UIKit.framework in Frameworks */,
				A3E5736B1802E93C000B6BDE /* Foundation.framework in Frameworks */,
				536DFC06B6804505A2A897E8 /* libPods.a in Frameworks */,
			);
			runOnlyForDeploymentPostprocessing = 0;
		};
		A3E573851802E93C000B6BDE /* Frameworks */ = {
			isa = PBXFrameworksBuildPhase;
			buildActionMask = 2147483647;
			files = (
				A3E5738A1802E93C000B6BDE /* XCTest.framework in Frameworks */,
				A3E5738C1802E93C000B6BDE /* UIKit.framework in Frameworks */,
				A3E5738B1802E93C000B6BDE /* Foundation.framework in Frameworks */,
			);
			runOnlyForDeploymentPostprocessing = 0;
		};
/* End PBXFrameworksBuildPhase section */

/* Begin PBXGroup section */
		A3E5735E1802E93C000B6BDE = {
			isa = PBXGroup;
			children = (
				A3F1FCA51802FFC4000321A4 /* qrencode */,
				A3E573701802E93C000B6BDE /* vCardGen */,
				A3E5738F1802E93C000B6BDE /* vCardGenTests */,
				A3E573691802E93C000B6BDE /* Frameworks */,
				A3E573681802E93C000B6BDE /* Products */,
				1E71A7C941A3422DAC1F9467 /* Pods.xcconfig */,
			);
			sourceTree = "<group>";
		};
		A3E573681802E93C000B6BDE /* Products */ = {
			isa = PBXGroup;
			children = (
				A3E573671802E93C000B6BDE /* vCardGen.app */,
				A3E573881802E93C000B6BDE /* vCardGenTests.xctest */,
			);
			name = Products;
			sourceTree = "<group>";
		};
		A3E573691802E93C000B6BDE /* Frameworks */ = {
			isa = PBXGroup;
			children = (
				A3E5736A1802E93C000B6BDE /* Foundation.framework */,
				A3E5736C1802E93C000B6BDE /* CoreGraphics.framework */,
				A3E5736E1802E93C000B6BDE /* UIKit.framework */,
				A3E573891802E93C000B6BDE /* XCTest.framework */,
				AE0191A32C7144518BF76D79 /* libPods.a */,
			);
			name = Frameworks;
			sourceTree = "<group>";
		};
		A3E573701802E93C000B6BDE /* vCardGen */ = {
			isa = PBXGroup;
			children = (
				A3F1FCC4180301C8000321A4 /* UIImage+QRCodeGenerator.m */,
				A3F1FCC3180301C2000321A4 /* UIImage+QRCodeGenerator.h */,
				A3E573791802E93C000B6BDE /* AppDelegate.h */,
				A3E5737A1802E93C000B6BDE /* AppDelegate.m */,
				A3E5737C1802E93C000B6BDE /* Main.storyboard */,
				A3E5737F1802E93C000B6BDE /* ViewController.h */,
				A3E573801802E93C000B6BDE /* ViewController.m */,
				A3E573821802E93C000B6BDE /* Images.xcassets */,
				A3E573711802E93C000B6BDE /* Supporting Files */,
				A3EB25E61802EAE000F3B88C /* BitLyApi.h */,
				A3EB25E71802EAE000F3B88C /* BitLyApi.m */,
				A3F1FCC6180304B7000321A4 /* VcardViewController.h */,
				A3F1FCC7180304B7000321A4 /* VcardViewController.m */,
			);
			path = vCardGen;
			sourceTree = "<group>";
		};
		A3E573711802E93C000B6BDE /* Supporting Files */ = {
			isa = PBXGroup;
			children = (
				A3E573721802E93C000B6BDE /* vCardGen-Info.plist */,
				A3E573731802E93C000B6BDE /* InfoPlist.strings */,
				A3E573761802E93C000B6BDE /* main.m */,
				A3E573781802E93C000B6BDE /* vCardGen-Prefix.pch */,
			);
			name = "Supporting Files";
			sourceTree = "<group>";
		};
		A3E5738F1802E93C000B6BDE /* vCardGenTests */ = {
			isa = PBXGroup;
			children = (
				A3E573951802E93C000B6BDE /* vCardGenTests.m */,
				A3E573901802E93C000B6BDE /* Supporting Files */,
			);
			path = vCardGenTests;
			sourceTree = "<group>";
		};
		A3E573901802E93C000B6BDE /* Supporting Files */ = {
			isa = PBXGroup;
			children = (
				A3E573911802E93C000B6BDE /* vCardGenTests-Info.plist */,
				A3E573921802E93C000B6BDE /* InfoPlist.strings */,
			);
			name = "Supporting Files";
			sourceTree = "<group>";
		};
		A3F1FCA51802FFC4000321A4 /* qrencode */ = {
			isa = PBXGroup;
			children = (
				A3F1FCA61802FFC4000321A4 /* bitstream.c */,
				A3F1FCA71802FFC4000321A4 /* bitstream.h */,
				A3F1FCA81802FFC4000321A4 /* config.h */,
				A3F1FCA91802FFC4000321A4 /* mask.c */,
				A3F1FCAA1802FFC4000321A4 /* mask.h */,
				A3F1FCAB1802FFC4000321A4 /* mmask.c */,
				A3F1FCAC1802FFC4000321A4 /* mmask.h */,
				A3F1FCAD1802FFC4000321A4 /* mqrspec.c */,
				A3F1FCAE1802FFC4000321A4 /* mqrspec.h */,
				A3F1FCAF1802FFC4000321A4 /* qrencode.c */,
				A3F1FCB01802FFC4000321A4 /* qrencode.h */,
				A3F1FCB11802FFC4000321A4 /* qrencode_inner.h */,
				A3F1FCB21802FFC4000321A4 /* qrinput.c */,
				A3F1FCB31802FFC4000321A4 /* qrinput.h */,
				A3F1FCB41802FFC4000321A4 /* qrspec.c */,
				A3F1FCB51802FFC4000321A4 /* qrspec.h */,
				A3F1FCB61802FFC4000321A4 /* rscode.c */,
				A3F1FCB71802FFC4000321A4 /* rscode.h */,
				A3F1FCB81802FFC4000321A4 /* split.c */,
				A3F1FCB91802FFC4000321A4 /* split.h */,
			);
			name = qrencode;
			path = ../../../Downloads/QRCodeGen/QRCodeGen/qrencode;
			sourceTree = "<group>";
		};
/* End PBXGroup section */

/* Begin PBXNativeTarget section */
		A3E573661802E93C000B6BDE /* vCardGen */ = {
			isa = PBXNativeTarget;
			buildConfigurationList = A3E573991802E93C000B6BDE /* Build configuration list for PBXNativeTarget "vCardGen" */;
			buildPhases = (
				C9CFE1FEF95645F6B3DA3581 /* Check Pods Manifest.lock */,
				A3E573631802E93C000B6BDE /* Sources */,
				A3E573641802E93C000B6BDE /* Frameworks */,
				A3E573651802E93C000B6BDE /* Resources */,
				0EE8392F9DDE46E4BBBD5DCE /* Copy Pods Resources */,
			);
			buildRules = (
			);
			dependencies = (
			);
			name = vCardGen;
			productName = vCardGen;
			productReference = A3E573671802E93C000B6BDE /* vCardGen.app */;
			productType = "com.apple.product-type.application";
		};
		A3E573871802E93C000B6BDE /* vCardGenTests */ = {
			isa = PBXNativeTarget;
			buildConfigurationList = A3E5739C1802E93C000B6BDE /* Build configuration list for PBXNativeTarget "vCardGenTests" */;
			buildPhases = (
				A3E573841802E93C000B6BDE /* Sources */,
				A3E573851802E93C000B6BDE /* Frameworks */,
				A3E573861802E93C000B6BDE /* Resources */,
			);
			buildRules = (
			);
			dependencies = (
				A3E5738E1802E93C000B6BDE /* PBXTargetDependency */,
			);
			name = vCardGenTests;
			productName = vCardGenTests;
			productReference = A3E573881802E93C000B6BDE /* vCardGenTests.xctest */;
			productType = "com.apple.product-type.bundle.unit-test";
		};
/* End PBXNativeTarget section */

/* Begin PBXProject section */
		A3E5735F1802E93C000B6BDE /* Project object */ = {
			isa = PBXProject;
			attributes = {
				LastUpgradeCheck = 0500;
				ORGANIZATIONNAME = "Vatsaev Aslan";
				TargetAttributes = {
					A3E573871802E93C000B6BDE = {
						TestTargetID = A3E573661802E93C000B6BDE;
					};
				};
			};
			buildConfigurationList = A3E573621802E93C000B6BDE /* Build configuration list for PBXProject "vCardGen" */;
			compatibilityVersion = "Xcode 3.2";
			developmentRegion = English;
			hasScannedForEncodings = 0;
			knownRegions = (
				en,
				Base,
			);
			mainGroup = A3E5735E1802E93C000B6BDE;
			productRefGroup = A3E573681802E93C000B6BDE /* Products */;
			projectDirPath = "";
			projectRoot = "";
			targets = (
				A3E573661802E93C000B6BDE /* vCardGen */,
				A3E573871802E93C000B6BDE /* vCardGenTests */,
			);
		};
/* End PBXProject section */

/* Begin PBXResourcesBuildPhase section */
		A3E573651802E93C000B6BDE /* Resources */ = {
			isa = PBXResourcesBuildPhase;
			buildActionMask = 2147483647;
			files = (
				A3E573831802E93C000B6BDE /* Images.xcassets in Resources */,
				A3E573751802E93C000B6BDE /* InfoPlist.strings in Resources */,
				A3E5737E1802E93C000B6BDE /* Main.storyboard in Resources */,
			);
			runOnlyForDeploymentPostprocessing = 0;
		};
		A3E573861802E93C000B6BDE /* Resources */ = {
			isa = PBXResourcesBuildPhase;
			buildActionMask = 2147483647;
			files = (
				A3E573941802E93C000B6BDE /* InfoPlist.strings in Resources */,
			);
			runOnlyForDeploymentPostprocessing = 0;
		};
/* End PBXResourcesBuildPhase section */

/* Begin PBXShellScriptBuildPhase section */
		0EE8392F9DDE46E4BBBD5DCE /* Copy Pods Resources */ = {
			isa = PBXShellScriptBuildPhase;
			buildActionMask = 2147483647;
			files = (
			);
			inputPaths = (
			);
			name = "Copy Pods Resources";
			outputPaths = (
			);
			runOnlyForDeploymentPostprocessing = 0;
			shellPath = /bin/sh;
			shellScript = "\"${SRCROOT}/Pods/Pods-resources.sh\"\n";
			showEnvVarsInLog = 0;
		};
		C9CFE1FEF95645F6B3DA3581 /* Check Pods Manifest.lock */ = {
			isa = PBXShellScriptBuildPhase;
			buildActionMask = 2147483647;
			files = (
			);
			inputPaths = (
			);
			name = "Check Pods Manifest.lock";
			outputPaths = (
			);
			runOnlyForDeploymentPostprocessing = 0;
			shellPath = /bin/sh;
			shellScript = "diff \"${PODS_ROOT}/../Podfile.lock\" \"${PODS_ROOT}/Manifest.lock\" > /dev/null\nif [[ $? != 0 ]] ; then\n    cat << EOM\nerror: The sandbox is not in sync with the Podfile.lock. Run 'pod install' or update your CocoaPods installation.\nEOM\n    exit 1\nfi\n";
			showEnvVarsInLog = 0;
		};
/* End PBXShellScriptBuildPhase section */

/* Begin PBXSourcesBuildPhase section */
		A3E573631802E93C000B6BDE /* Sources */ = {
			isa = PBXSourcesBuildPhase;
			buildActionMask = 2147483647;
			files = (
				A3F1FCBE1802FFC4000321A4 /* qrencode.c in Sources */,
				A3F1FCC5180301C8000321A4 /* UIImage+QRCodeGenerator.m in Sources */,
				A3F1FCC11802FFC4000321A4 /* rscode.c in Sources */,
				A3E573811802E93C000B6BDE /* ViewController.m in Sources */,
				A3F1FCBC1802FFC4000321A4 /* mmask.c in Sources */,
				A3F1FCC21802FFC4000321A4 /* split.c in Sources */,
				A3F1FCBA1802FFC4000321A4 /* bitstream.c in Sources */,
				A3F1FCC01802FFC4000321A4 /* qrspec.c in Sources */,
				A3E5737B1802E93C000B6BDE /* AppDelegate.m in Sources */,
				A3F1FCBB1802FFC4000321A4 /* mask.c in Sources */,
				A3F1FCBD1802FFC4000321A4 /* mqrspec.c in Sources */,
				A3F1FCBF1802FFC4000321A4 /* qrinput.c in Sources */,
				A3F1FCC8180304B7000321A4 /* VcardViewController.m in Sources */,
				A3E573771802E93C000B6BDE /* main.m in Sources */,
				A3EB25E81802EAE000F3B88C /* BitLyApi.m in Sources */,
			);
			runOnlyForDeploymentPostprocessing = 0;
		};
		A3E573841802E93C000B6BDE /* Sources */ = {
			isa = PBXSourcesBuildPhase;
			buildActionMask = 2147483647;
			files = (
				A3E573961802E93C000B6BDE /* vCardGenTests.m in Sources */,
			);
			runOnlyForDeploymentPostprocessing = 0;
		};
/* End PBXSourcesBuildPhase section */

/* Begin PBXTargetDependency section */
		A3E5738E1802E93C000B6BDE /* PBXTargetDependency */ = {
			isa = PBXTargetDependency;
			target = A3E573661802E93C000B6BDE /* vCardGen */;
			targetProxy = A3E5738D1802E93C000B6BDE /* PBXContainerItemProxy */;
		};
/* End PBXTargetDependency section */

/* Begin PBXVariantGroup section */
		A3E573731802E93C000B6BDE /* InfoPlist.strings */ = {
			isa = PBXVariantGroup;
			children = (
				A3E573741802E93C000B6BDE /* en */,
			);
			name = InfoPlist.strings;
			sourceTree = "<group>";
		};
		A3E5737C1802E93C000B6BDE /* Main.storyboard */ = {
			isa = PBXVariantGroup;
			children = (
				A3E5737D1802E93C000B6BDE /* Base */,
			);
			name = Main.storyboard;
			sourceTree = "<group>";
		};
		A3E573921802E93C000B6BDE /* InfoPlist.strings */ = {
			isa = PBXVariantGroup;
			children = (
				A3E573931802E93C000B6BDE /* en */,
			);
			name = InfoPlist.strings;
			sourceTree = "<group>";
		};
/* End PBXVariantGroup section */

/* Begin XCBuildConfiguration section */
		A3E573971802E93C000B6BDE /* Debug */ = {
			isa = XCBuildConfiguration;
			buildSettings = {
				ALWAYS_SEARCH_USER_PATHS = NO;
				ARCHS = "$(ARCHS_STANDARD_INCLUDING_64_BIT)";
				CLANG_CXX_LANGUAGE_STANDARD = "gnu++0x";
				CLANG_CXX_LIBRARY = "libc++";
				CLANG_ENABLE_MODULES = YES;
				CLANG_ENABLE_OBJC_ARC = YES;
				CLANG_WARN_BOOL_CONVERSION = YES;
				CLANG_WARN_CONSTANT_CONVERSION = YES;
				CLANG_WARN_DIRECT_OBJC_ISA_USAGE = YES_ERROR;
				CLANG_WARN_EMPTY_BODY = YES;
				CLANG_WARN_ENUM_CONVERSION = YES;
				CLANG_WARN_INT_CONVERSION = YES;
				CLANG_WARN_OBJC_ROOT_CLASS = YES_ERROR;
				CLANG_WARN__DUPLICATE_METHOD_MATCH = YES;
				"CODE_SIGN_IDENTITY[sdk=iphoneos*]" = "iPhone Developer";
				COPY_PHASE_STRIP = NO;
				GCC_C_LANGUAGE_STANDARD = gnu99;
				GCC_DYNAMIC_NO_PIC = NO;
				GCC_OPTIMIZATION_LEVEL = 0;
				GCC_PREPROCESSOR_DEFINITIONS = (
					"DEBUG=1",
					"$(inherited)",
				);
				GCC_SYMBOLS_PRIVATE_EXTERN = NO;
				GCC_WARN_64_TO_32_BIT_CONVERSION = YES;
				GCC_WARN_ABOUT_RETURN_TYPE = YES_ERROR;
				GCC_WARN_UNDECLARED_SELECTOR = YES;
				GCC_WARN_UNINITIALIZED_AUTOS = YES;
				GCC_WARN_UNUSED_FUNCTION = YES;
				GCC_WARN_UNUSED_VARIABLE = YES;
				IPHONEOS_DEPLOYMENT_TARGET = 7.0;
				ONLY_ACTIVE_ARCH = YES;
				SDKROOT = iphoneos;
			};
			name = Debug;
		};
		A3E573981802E93C000B6BDE /* Release */ = {
			isa = XCBuildConfiguration;
			buildSettings = {
				ALWAYS_SEARCH_USER_PATHS = NO;
				ARCHS = "$(ARCHS_STANDARD_INCLUDING_64_BIT)";
				CLANG_CXX_LANGUAGE_STANDARD = "gnu++0x";
				CLANG_CXX_LIBRARY = "libc++";
				CLANG_ENABLE_MODULES = YES;
				CLANG_ENABLE_OBJC_ARC = YES;
				CLANG_WARN_BOOL_CONVERSION = YES;
				CLANG_WARN_CONSTANT_CONVERSION = YES;
				CLANG_WARN_DIRECT_OBJC_ISA_USAGE = YES_ERROR;
				CLANG_WARN_EMPTY_BODY = YES;
				CLANG_WARN_ENUM_CONVERSION = YES;
				CLANG_WARN_INT_CONVERSION = YES;
				CLANG_WARN_OBJC_ROOT_CLASS = YES_ERROR;
				CLANG_WARN__DUPLICATE_METHOD_MATCH = YES;
				"CODE_SIGN_IDENTITY[sdk=iphoneos*]" = "iPhone Developer";
				COPY_PHASE_STRIP = YES;
				ENABLE_NS_ASSERTIONS = NO;
				GCC_C_LANGUAGE_STANDARD = gnu99;
				GCC_WARN_64_TO_32_BIT_CONVERSION = YES;
				GCC_WARN_ABOUT_RETURN_TYPE = YES_ERROR;
				GCC_WARN_UNDECLARED_SELECTOR = YES;
				GCC_WARN_UNINITIALIZED_AUTOS = YES;
				GCC_WARN_UNUSED_FUNCTION = YES;
				GCC_WARN_UNUSED_VARIABLE = YES;
				IPHONEOS_DEPLOYMENT_TARGET = 7.0;
				SDKROOT = iphoneos;
				VALIDATE_PRODUCT = YES;
			};
			name = Release;
		};
		A3E5739A1802E93C000B6BDE /* Debug */ = {
			isa = XCBuildConfiguration;
			baseConfigurationReference = 1E71A7C941A3422DAC1F9467 /* Pods.xcconfig */;
			buildSettings = {
				ARCHS = "$(ARCHS_STANDARD_INCLUDING_64_BIT)";
				ASSETCATALOG_COMPILER_APPICON_NAME = AppIcon;
				ASSETCATALOG_COMPILER_LAUNCHIMAGE_NAME = LaunchImage;
				GCC_PRECOMPILE_PREFIX_HEADER = YES;
				GCC_PREFIX_HEADER = "vCardGen/vCardGen-Prefix.pch";
				INFOPLIST_FILE = "vCardGen/vCardGen-Info.plist";
				PRODUCT_NAME = "$(TARGET_NAME)";
				VALID_ARCHS = "armv7 armv7s arm64";
				WRAPPER_EXTENSION = app;
			};
			name = Debug;
		};
		A3E5739B1802E93C000B6BDE /* Release */ = {
			isa = XCBuildConfiguration;
			baseConfigurationReference = 1E71A7C941A3422DAC1F9467 /* Pods.xcconfig */;
			buildSettings = {
				ARCHS = "$(ARCHS_STANDARD_INCLUDING_64_BIT)";
				ASSETCATALOG_COMPILER_APPICON_NAME = AppIcon;
				ASSETCATALOG_COMPILER_LAUNCHIMAGE_NAME = LaunchImage;
				GCC_PRECOMPILE_PREFIX_HEADER = YES;
				GCC_PREFIX_HEADER = "vCardGen/vCardGen-Prefix.pch";
				INFOPLIST_FILE = "vCardGen/vCardGen-Info.plist";
				PRODUCT_NAME = "$(TARGET_NAME)";
				VALID_ARCHS = "armv7 armv7s arm64";
				WRAPPER_EXTENSION = app;
			};
			name = Release;
		};
		A3E5739D1802E93C000B6BDE /* Debug */ = {
			isa = XCBuildConfiguration;
			buildSettings = {
				ARCHS = "$(ARCHS_STANDARD_INCLUDING_64_BIT)";
				BUNDLE_LOADER = "$(BUILT_PRODUCTS_DIR)/vCardGen.app/vCardGen";
				FRAMEWORK_SEARCH_PATHS = (
					"$(SDKROOT)/Developer/Library/Frameworks",
					"$(inherited)",
					"$(DEVELOPER_FRAMEWORKS_DIR)",
				);
				GCC_PRECOMPILE_PREFIX_HEADER = YES;
				GCC_PREFIX_HEADER = "vCardGen/vCardGen-Prefix.pch";
				GCC_PREPROCESSOR_DEFINITIONS = (
					"DEBUG=1",
					"$(inherited)",
				);
				INFOPLIST_FILE = "vCardGenTests/vCardGenTests-Info.plist";
				PRODUCT_NAME = "$(TARGET_NAME)";
				TEST_HOST = "$(BUNDLE_LOADER)";
				WRAPPER_EXTENSION = xctest;
			};
			name = Debug;
		};
		A3E5739E1802E93C000B6BDE /* Release */ = {
			isa = XCBuildConfiguration;
			buildSettings = {
				ARCHS = "$(ARCHS_STANDARD_INCLUDING_64_BIT)";
				BUNDLE_LOADER = "$(BUILT_PRODUCTS_DIR)/vCardGen.app/vCardGen";
				FRAMEWORK_SEARCH_PATHS = (
					"$(SDKROOT)/Developer/Library/Frameworks",
					"$(inherited)",
					"$(DEVELOPER_FRAMEWORKS_DIR)",
				);
				GCC_PRECOMPILE_PREFIX_HEADER = YES;
				GCC_PREFIX_HEADER = "vCardGen/vCardGen-Prefix.pch";
				INFOPLIST_FILE = "vCardGenTests/vCardGenTests-Info.plist";
				PRODUCT_NAME = "$(TARGET_NAME)";
				TEST_HOST = "$(BUNDLE_LOADER)";
				WRAPPER_EXTENSION = xctest;
			};
			name = Release;
		};
/* End XCBuildConfiguration section */

/* Begin XCConfigurationList section */
		A3E573621802E93C000B6BDE /* Build configuration list for PBXProject "vCardGen" */ = {
			isa = XCConfigurationList;
			buildConfigurations = (
				A3E573971802E93C000B6BDE /* Debug */,
				A3E573981802E93C000B6BDE /* Release */,
			);
			defaultConfigurationIsVisible = 0;
			defaultConfigurationName = Release;
		};
		A3E573991802E93C000B6BDE /* Build configuration list for PBXNativeTarget "vCardGen" */ = {
			isa = XCConfigurationList;
			buildConfigurations = (
				A3E5739A1802E93C000B6BDE /* Debug */,
				A3E5739B1802E93C000B6BDE /* Release */,
			);
			defaultConfigurationIsVisible = 0;
			defaultConfigurationName = Release;
		};
		A3E5739C1802E93C000B6BDE /* Build configuration list for PBXNativeTarget "vCardGenTests" */ = {
			isa = XCConfigurationList;
			buildConfigurations = (
				A3E5739D1802E93C000B6BDE /* Debug */,
				A3E5739E1802E93C000B6BDE /* Release */,
			);
			defaultConfigurationIsVisible = 0;
			defaultConfigurationName = Release;
		};
/* End XCConfigurationList section */
	};
	rootObject = A3E5735F1802E93C000B6BDE /* Project object */;
}
